
Microsoft Visual Studio Solution File, Format Version 12.00
# Visual Studio Version 17
VisualStudioVersion = 17.0.31903.59
MinimumVisualStudioVersion = 10.0.40219.1
Project("{FAE04EC0-301F-11D3-BF4B-00C04F79EFBC}") = "EugenesFarm", "EugenesFarm\EugenesFarm.csproj", "{3ADE7A30-F93F-4FF4-85F7-3312C4C7FD2B}"
EndProject
Global
	GlobalSection(SolutionConfigurationPlatforms) = preSolution
		Debug|Any CPU = Debug|Any CPU
		Debug|x64 = Debug|x64
		Debug|x86 = Debug|x86
		Release|Any CPU = Release|Any CPU
		Release|x64 = Release|x64
		Release|x86 = Release|x86
	EndGlobalSection
	GlobalSection(ProjectConfigurationPlatforms) = postSolution
		{3ADE7A30-F93F-4FF4-85F7-3312C4C7FD2B}.Debug|Any CPU.ActiveCfg = Debug|Any CPU
		{3ADE7A30-F93F-4FF4-85F7-3312C4C7FD2B}.Debug|Any CPU.Build.0 = Debug|Any CPU
		{3ADE7A30-F93F-4FF4-85F7-3312C4C7FD2B}.Debug|x64.ActiveCfg = Debug|Any CPU
		{3ADE7A30-F93F-4FF4-85F7-3312C4C7FD2B}.Debug|x64.Build.0 = Debug|Any CPU
		{3ADE7A30-F93F-4FF4-85F7-3312C4C7FD2B}.Debug|x86.ActiveCfg = Debug|Any CPU
		{3ADE7A30-F93F-4FF4-85F7-3312C4C7FD2B}.Debug|x86.Build.0 = Debug|Any CPU
		{3ADE7A30-F93F-4FF4-85F7-3312C4C7FD2B}.Release|Any CPU.ActiveCfg = Release|Any CPU
		{3ADE7A30-F93F-4FF4-85F7-3312C4C7FD2B}.Release|Any CPU.Build.0 = Release|Any CPU
		{3ADE7A30-F93F-4FF4-85F7-3312C4C7FD2B}.Release|x64.ActiveCfg = Release|Any CPU
		{3ADE7A30-F93F-4FF4-85F7-3312C4C7FD2B}.Release|x64.Build.0 = Release|Any CPU
		{3ADE7A30-F93F-4FF4-85F7-3312C4C7FD2B}.Release|x86.ActiveCfg = Release|Any CPU
		{3ADE7A30-F93F-4FF4-85F7-3312C4C7FD2B}.Release|x86.Build.0 = Release|Any CPU
	EndGlobalSection
	GlobalSection(SolutionProperties) = preSolution
		HideSolutionNode = FALSE
	EndGlobalSection
EndGlobal
